sdk: ^2.0.0-alpha.170
prefixes:
  http: github.com/toitlang/pkg-http-2
  lightbug: lightbug
  watchdog: github.com/toitware/toit-watchdog-1
packages:
  github.com/lightbug-io/toit-coordinate-1:
    hash: 5db8272fdfbdc0b2e017280940dc537e5e64b361
    url: github.com/lightbug-io/toit-coordinate
    version: 1.0.0
  github.com/toitlang/pkg-http-2:
    hash: d2cdc57270eaafe8df8d8403bf4ebf95415aa0fd
    url: github.com/toitlang/pkg-http
    version: 2.11.0
  github.com/toitware/toit-watchdog-1:
    hash: 2621b25fca45f4f91c0b951f3658f3c18821edc4
    url: github.com/toitware/toit-watchdog
    version: 1.4.1
  lightbug:
    path: ..
    prefixes:
      coordinate: github.com/lightbug-io/toit-coordinate-1
      http: github.com/toitlang/pkg-http-2
      watchdog: github.com/toitware/toit-watchdog-1
